
Microsoft Visual Studio Solution File, Format Version 12.00
# Visual Studio Version 17
VisualStudioVersion = 17.4.33213.308
MinimumVisualStudioVersion = 10.0.40219.1
Project("{FAE04EC0-301F-11D3-BF4B-00C04F79EFBC}") = "EstoqueProdutosCsharp", "EstoqueProdutosCsharp\EstoqueProdutosCsharp.csproj", "{FF68509D-E077-440E-9EA0-DF217F475739}"
EndProject
Global
	GlobalSection(SolutionConfigurationPlatforms) = preSolution
		Debug|Any CPU = Debug|Any CPU
		Release|Any CPU = Release|Any CPU
	EndGlobalSection
	GlobalSection(ProjectConfigurationPlatforms) = postSolution
		{FF68509D-E077-440E-9EA0-DF217F475739}.Debug|Any CPU.ActiveCfg = Debug|Any CPU
		{FF68509D-E077-440E-9EA0-DF217F475739}.Debug|Any CPU.Build.0 = Debug|Any CPU
		{FF68509D-E077-440E-9EA0-DF217F475739}.Release|Any CPU.ActiveCfg = Release|Any CPU
		{FF68509D-E077-440E-9EA0-DF217F475739}.Release|Any CPU.Build.0 = Release|Any CPU
	EndGlobalSection
	GlobalSection(SolutionProperties) = preSolution
		HideSolutionNode = FALSE
	EndGlobalSection
	GlobalSection(ExtensibilityGlobals) = postSolution
		SolutionGuid = {96B6F1C2-0381-4F31-9336-FB9F03F5531D}
	EndGlobalSection
EndGlobal
